
Microsoft Visual Studio Solution File, Format Version 12.00
# Visual Studio Version 17
VisualStudioVersion = 17.3.32901.215
MinimumVisualStudioVersion = 10.0.40219.1
Project("{FAE04EC0-301F-11D3-BF4B-00C04F79EFBC}") = "BADC_Backend", "BADC_Backend\BADC_Backend.csproj", "{AB1D72D8-E9D7-45BE-8122-0E2644441E05}"
EndProject
Global
	GlobalSection(SolutionConfigurationPlatforms) = preSolution
		Debug|Any CPU = Debug|Any CPU
		Release|Any CPU = Release|Any CPU
	EndGlobalSection
	GlobalSection(ProjectConfigurationPlatforms) = postSolution
		{AB1D72D8-E9D7-45BE-8122-0E2644441E05}.Debug|Any CPU.ActiveCfg = Debug|Any CPU
		{AB1D72D8-E9D7-45BE-8122-0E2644441E05}.Debug|Any CPU.Build.0 = Debug|Any CPU
		{AB1D72D8-E9D7-45BE-8122-0E2644441E05}.Release|Any CPU.ActiveCfg = Release|Any CPU
		{AB1D72D8-E9D7-45BE-8122-0E2644441E05}.Release|Any CPU.Build.0 = Release|Any CPU
	EndGlobalSection
	GlobalSection(SolutionProperties) = preSolution
		HideSolutionNode = FALSE
	EndGlobalSection
	GlobalSection(ExtensibilityGlobals) = postSolution
		SolutionGuid = {5B9EE729-DC93-42CF-B152-929506241FAC}
	EndGlobalSection
EndGlobal
